// !$*UTF8*$!
{
	archiveVersion = 1;
	classes = {
	};
	objectVersion = 51;
	objects = {

/* Begin PBXBuildFile section */
		2304E7F9D56A55EEB587973A /* Pods_pan.framework in Frameworks */ = {isa = PBXBuildFile; fileRef = 8FD3C5501EE30F60C8D4EEB6 /* Pods_pan.framework */; };
		3E2A86F1263278F800E0EEAF /* AppDelegate.swift in Sources */ = {isa = PBXBuildFile; fileRef = 3E2A86F0263278F800E0EEAF /* AppDelegate.swift */; };
		3E2A86F3263278F800E0EEAF /* SceneDelegate.swift in Sources */ = {isa = PBXBuildFile; fileRef = 3E2A86F2263278F800E0EEAF /* SceneDelegate.swift */; };
		3E2A86F5263278F800E0EEAF /* ViewController.swift in Sources */ = {isa = PBXBuildFile; fileRef = 3E2A86F4263278F800E0EEAF /* ViewController.swift */; };
		3E2A86F8263278F800E0EEAF /* Main.storyboard in Resources */ = {isa = PBXBuildFile; fileRef = 3E2A86F6263278F800E0EEAF /* Main.storyboard */; };
		3E2A86FA263278FB00E0EEAF /* Assets.xcassets in Resources */ = {isa = PBXBuildFile; fileRef = 3E2A86F9263278FB00E0EEAF /* Assets.xcassets */; };
		3E2A86FD263278FB00E0EEAF /* LaunchScreen.storyboard in Resources */ = {isa = PBXBuildFile; fileRef = 3E2A86FB263278FB00E0EEAF /* LaunchScreen.storyboard */; };
		3E2A8708263278FC00E0EEAF /* panTests.swift in Sources */ = {isa = PBXBuildFile; fileRef = 3E2A8707263278FC00E0EEAF /* panTests.swift */; };
		3E2A8713263278FC00E0EEAF /* panUITests.swift in Sources */ = {isa = PBXBuildFile; fileRef = 3E2A8712263278FC00E0EEAF /* panUITests.swift */; };
		3E2A87812632838400E0EEAF /* PanViewController.m in Sources */ = {isa = PBXBuildFile; fileRef = 3E2A87802632838400E0EEAF /* PanViewController.m */; };
		3E2A87902632869A00E0EEAF /* PanCollectionView.swift in Sources */ = {isa = PBXBuildFile; fileRef = 3E2A878F2632869A00E0EEAF /* PanCollectionView.swift */; };
		4CDC1429D1F8A7585B44AE74 /* Pods_pan_panUITests.framework in Frameworks */ = {isa = PBXBuildFile; fileRef = 69EFD90016F054C53BEC872F /* Pods_pan_panUITests.framework */; };
		F53ABC40D1FD296A59606647 /* Pods_panTests.framework in Frameworks */ = {isa = PBXBuildFile; fileRef = C785147EF5656E12C8FB7B32 /* Pods_panTests.framework */; };
/* End PBXBuildFile section */

/* Begin PBXContainerItemProxy section */
		3E2A8704263278FB00E0EEAF /* PBXContainerItemProxy */ = {
			isa = PBXContainerItemProxy;
			containerPortal = 3E2A86E5263278F800E0EEAF /* Project object */;
			proxyType = 1;
			remoteGlobalIDString = 3E2A86EC263278F800E0EEAF;
			remoteInfo = pan;
		};
		3E2A870F263278FC00E0EEAF /* PBXContainerItemProxy */ = {
			isa = PBXContainerItemProxy;
			containerPortal = 3E2A86E5263278F800E0EEAF /* Project object */;
			proxyType = 1;
			remoteGlobalIDString = 3E2A86EC263278F800E0EEAF;
			remoteInfo = pan;
		};
/* End PBXContainerItemProxy section */

/* Begin PBXFileReference section */
		01FEA264F75FD7AAE94DAD20 /* Pods-panTests.release.xcconfig */ = {isa = PBXFileReference; includeInIndex = 1; lastKnownFileType = text.xcconfig; name = "Pods-panTests.release.xcconfig"; path = "Target Support Files/Pods-panTests/Pods-panTests.release.xcconfig"; sourceTree = "<group>"; };
		1E3140EAB1E6BE23958C5143 /* Pods-pan.release.xcconfig */ = {isa = PBXFileReference; includeInIndex = 1; lastKnownFileType = text.xcconfig; name = "Pods-pan.release.xcconfig"; path = "Target Support Files/Pods-pan/Pods-pan.release.xcconfig"; sourceTree = "<group>"; };
		2F8C989C9A7818086A963831 /* Pods-pan.debug.xcconfig */ = {isa = PBXFileReference; includeInIndex = 1; lastKnownFileType = text.xcconfig; name = "Pods-pan.debug.xcconfig"; path = "Target Support Files/Pods-pan/Pods-pan.debug.xcconfig"; sourceTree = "<group>"; };
		3E2A86ED263278F800E0EEAF /* pan.app */ = {isa = PBXFileReference; explicitFileType = wrapper.application; includeInIndex = 0; path = pan.app; sourceTree = BUILT_PRODUCTS_DIR; };
		3E2A86F0263278F800E0EEAF /* AppDelegate.swift */ = {isa = PBXFileReference; lastKnownFileType = sourcecode.swift; path = AppDelegate.swift; sourceTree = "<group>"; };
		3E2A86F2263278F800E0EEAF /* SceneDelegate.swift */ = {isa = PBXFileReference; lastKnownFileType = sourcecode.swift; path = SceneDelegate.swift; sourceTree = "<group>"; };
		3E2A86F4263278F800E0EEAF /* ViewController.swift */ = {isa = PBXFileReference; lastKnownFileType = sourcecode.swift; path = ViewController.swift; sourceTree = "<group>"; };
		3E2A86F7263278F800E0EEAF /* Base */ = {isa = PBXFileReference; lastKnownFileType = file.storyboard; name = Base; path = Base.lproj/Main.storyboard; sourceTree = "<group>"; };
		3E2A86F9263278FB00E0EEAF /* Assets.xcassets */ = {isa = PBXFileReference; lastKnownFileType = folder.assetcatalog; path = Assets.xcassets; sourceTree = "<group>"; };
		3E2A86FC263278FB00E0EEAF /* Base */ = {isa = PBXFileReference; lastKnownFileType = file.storyboard; name = Base; path = Base.lproj/LaunchScreen.storyboard; sourceTree = "<group>"; };
		3E2A86FE263278FB00E0EEAF /* Info.plist */ = {isa = PBXFileReference; lastKnownFileType = text.plist.xml; path = Info.plist; sourceTree = "<group>"; };
		3E2A8703263278FB00E0EEAF /* panTests.xctest */ = {isa = PBXFileReference; explicitFileType = wrapper.cfbundle; includeInIndex = 0; path = panTests.xctest; sourceTree = BUILT_PRODUCTS_DIR; };
		3E2A8707263278FC00E0EEAF /* panTests.swift */ = {isa = PBXFileReference; lastKnownFileType = sourcecode.swift; path = panTests.swift; sourceTree = "<group>"; };
		3E2A8709263278FC00E0EEAF /* Info.plist */ = {isa = PBXFileReference; lastKnownFileType = text.plist.xml; path = Info.plist; sourceTree = "<group>"; };
		3E2A870E263278FC00E0EEAF /* panUITests.xctest */ = {isa = PBXFileReference; explicitFileType = wrapper.cfbundle; includeInIndex = 0; path = panUITests.xctest; sourceTree = BUILT_PRODUCTS_DIR; };
		3E2A8712263278FC00E0EEAF /* panUITests.swift */ = {isa = PBXFileReference; lastKnownFileType = sourcecode.swift; path = panUITests.swift; sourceTree = "<group>"; };
		3E2A8714263278FC00E0EEAF /* Info.plist */ = {isa = PBXFileReference; lastKnownFileType = text.plist.xml; path = Info.plist; sourceTree = "<group>"; };
		3E2A877F2632838400E0EEAF /* PanViewController.h */ = {isa = PBXFileReference; lastKnownFileType = sourcecode.c.h; path = PanViewController.h; sourceTree = "<group>"; };
		3E2A87802632838400E0EEAF /* PanViewController.m */ = {isa = PBXFileReference; lastKnownFileType = sourcecode.c.objc; path = PanViewController.m; sourceTree = "<group>"; };
		3E2A87852632844200E0EEAF /* pan-Bridging-Header.h */ = {isa = PBXFileReference; lastKnownFileType = sourcecode.c.h; path = "pan-Bridging-Header.h"; sourceTree = "<group>"; };
		3E2A878F2632869A00E0EEAF /* PanCollectionView.swift */ = {isa = PBXFileReference; lastKnownFileType = sourcecode.swift; path = PanCollectionView.swift; sourceTree = "<group>"; };
		63FF3B300F460EDD5D13E567 /* Pods-pan-panUITests.debug.xcconfig */ = {isa = PBXFileReference; includeInIndex = 1; lastKnownFileType = text.xcconfig; name = "Pods-pan-panUITests.debug.xcconfig"; path = "Target Support Files/Pods-pan-panUITests/Pods-pan-panUITests.debug.xcconfig"; sourceTree = "<group>"; };
		69EFD90016F054C53BEC872F /* Pods_pan_panUITests.framework */ = {isa = PBXFileReference; explicitFileType = wrapper.framework; includeInIndex = 0; path = Pods_pan_panUITests.framework; sourceTree = BUILT_PRODUCTS_DIR; };
		6EA3272165BAD6F68315714A /* Pods-pan-panUITests.release.xcconfig */ = {isa = PBXFileReference; includeInIndex = 1; lastKnownFileType = text.xcconfig; name = "Pods-pan-panUITests.release.xcconfig"; path = "Target Support Files/Pods-pan-panUITests/Pods-pan-panUITests.release.xcconfig"; sourceTree = "<group>"; };
		8FD3C5501EE30F60C8D4EEB6 /* Pods_pan.framework */ = {isa = PBXFileReference; explicitFileType = wrapper.framework; includeInIndex = 0; path = Pods_pan.framework; sourceTree = BUILT_PRODUCTS_DIR; };
		C785147EF5656E12C8FB7B32 /* Pods_panTests.framework */ = {isa = PBXFileReference; explicitFileType = wrapper.framework; includeInIndex = 0; path = Pods_panTests.framework; sourceTree = BUILT_PRODUCTS_DIR; };
		C7943D5501BC5950003DC594 /* Pods-panTests.debug.xcconfig */ = {isa = PBXFileReference; includeInIndex = 1; lastKnownFileType = text.xcconfig; name = "Pods-panTests.debug.xcconfig"; path = "Target Support Files/Pods-panTests/Pods-panTests.debug.xcconfig"; sourceTree = "<group>"; };
/* End PBXFileReference section */

/* Begin PBXFrameworksBuildPhase section */
		3E2A86EA263278F800E0EEAF /* Frameworks */ = {
			isa = PBXFrameworksBuildPhase;
			buildActionMask = 2147483647;
			files = (
				2304E7F9D56A55EEB587973A /* Pods_pan.framework in Frameworks */,
			);
			runOnlyForDeploymentPostprocessing = 0;
		};
		3E2A8700263278FB00E0EEAF /* Frameworks */ = {
			isa = PBXFrameworksBuildPhase;
			buildActionMask = 2147483647;
			files = (
				F53ABC40D1FD296A59606647 /* Pods_panTests.framework in Frameworks */,
			);
			runOnlyForDeploymentPostprocessing = 0;
		};
		3E2A870B263278FC00E0EEAF /* Frameworks */ = {
			isa = PBXFrameworksBuildPhase;
			buildActionMask = 2147483647;
			files = (
				4CDC1429D1F8A7585B44AE74 /* Pods_pan_panUITests.framework in Frameworks */,
			);
			runOnlyForDeploymentPostprocessing = 0;
		};
/* End PBXFrameworksBuildPhase section */

/* Begin PBXGroup section */
		1A578A64199CCC82624EBE4E /* Frameworks */ = {
			isa = PBXGroup;
			children = (
				8FD3C5501EE30F60C8D4EEB6 /* Pods_pan.framework */,
				69EFD90016F054C53BEC872F /* Pods_pan_panUITests.framework */,
				C785147EF5656E12C8FB7B32 /* Pods_panTests.framework */,
			);
			name = Frameworks;
			sourceTree = "<group>";
		};
		29A3CAB928A14BE5EB5E1EA5 /* Pods */ = {
			isa = PBXGroup;
			children = (
				2F8C989C9A7818086A963831 /* Pods-pan.debug.xcconfig */,
				1E3140EAB1E6BE23958C5143 /* Pods-pan.release.xcconfig */,
				63FF3B300F460EDD5D13E567 /* Pods-pan-panUITests.debug.xcconfig */,
				6EA3272165BAD6F68315714A /* Pods-pan-panUITests.release.xcconfig */,
				C7943D5501BC5950003DC594 /* Pods-panTests.debug.xcconfig */,
				01FEA264F75FD7AAE94DAD20 /* Pods-panTests.release.xcconfig */,
			);
			path = Pods;
			sourceTree = "<group>";
		};
		3E2A86E4263278F800E0EEAF = {
			isa = PBXGroup;
			children = (
				3E2A86EF263278F800E0EEAF /* pan */,
				3E2A8706263278FC00E0EEAF /* panTests */,
				3E2A8711263278FC00E0EEAF /* panUITests */,
				3E2A86EE263278F800E0EEAF /* Products */,
				29A3CAB928A14BE5EB5E1EA5 /* Pods */,
				1A578A64199CCC82624EBE4E /* Frameworks */,
			);
			sourceTree = "<group>";
		};
		3E2A86EE263278F800E0EEAF /* Products */ = {
			isa = PBXGroup;
			children = (
				3E2A86ED263278F800E0EEAF /* pan.app */,
				3E2A8703263278FB00E0EEAF /* panTests.xctest */,
				3E2A870E263278FC00E0EEAF /* panUITests.xctest */,
			);
			name = Products;
			sourceTree = "<group>";
		};
		3E2A86EF263278F800E0EEAF /* pan */ = {
			isa = PBXGroup;
			children = (
				3E2A86F0263278F800E0EEAF /* AppDelegate.swift */,
				3E2A86F2263278F800E0EEAF /* SceneDelegate.swift */,
				3E2A86F4263278F800E0EEAF /* ViewController.swift */,
				3E2A86F6263278F800E0EEAF /* Main.storyboard */,
				3E2A86F9263278FB00E0EEAF /* Assets.xcassets */,
				3E2A86FB263278FB00E0EEAF /* LaunchScreen.storyboard */,
				3E2A86FE263278FB00E0EEAF /* Info.plist */,
				3E2A87852632844200E0EEAF /* pan-Bridging-Header.h */,
				3E2A877F2632838400E0EEAF /* PanViewController.h */,
				3E2A87802632838400E0EEAF /* PanViewController.m */,
				3E2A878F2632869A00E0EEAF /* PanCollectionView.swift */,
			);
			path = pan;
			sourceTree = "<group>";
		};
		3E2A8706263278FC00E0EEAF /* panTests */ = {
			isa = PBXGroup;
			children = (
				3E2A8707263278FC00E0EEAF /* panTests.swift */,
				3E2A8709263278FC00E0EEAF /* Info.plist */,
			);
			path = panTests;
			sourceTree = "<group>";
		};
		3E2A8711263278FC00E0EEAF /* panUITests */ = {
			isa = PBXGroup;
			children = (
				3E2A8712263278FC00E0EEAF /* panUITests.swift */,
				3E2A8714263278FC00E0EEAF /* Info.plist */,
			);
			path = panUITests;
			sourceTree = "<group>";
		};
/* End PBXGroup section */

/* Begin PBXNativeTarget section */
		3E2A86EC263278F800E0EEAF /* pan */ = {
			isa = PBXNativeTarget;
			buildConfigurationList = 3E2A8717263278FC00E0EEAF /* Build configuration list for PBXNativeTarget "pan" */;
			buildPhases = (
				666DD1C678F66405BE46988C /* [CP] Check Pods Manifest.lock */,
				3E2A86E9263278F800E0EEAF /* Sources */,
				3E2A86EA263278F800E0EEAF /* Frameworks */,
				3E2A86EB263278F800E0EEAF /* Resources */,
				005FC53C89EB0C0F8404361C /* [CP] Embed Pods Frameworks */,
			);
			buildRules = (
			);
			dependencies = (
			);
			name = pan;
			productName = pan;
			productReference = 3E2A86ED263278F800E0EEAF /* pan.app */;
			productType = "com.apple.product-type.application";
		};
		3E2A8702263278FB00E0EEAF /* panTests */ = {
			isa = PBXNativeTarget;
			buildConfigurationList = 3E2A871A263278FC00E0EEAF /* Build configuration list for PBXNativeTarget "panTests" */;
			buildPhases = (
				CA46C11928E5496AE79953FB /* [CP] Check Pods Manifest.lock */,
				3E2A86FF263278FB00E0EEAF /* Sources */,
				3E2A8700263278FB00E0EEAF /* Frameworks */,
				3E2A8701263278FB00E0EEAF /* Resources */,
			);
			buildRules = (
			);
			dependencies = (
				3E2A8705263278FB00E0EEAF /* PBXTargetDependency */,
			);
			name = panTests;
			productName = panTests;
			productReference = 3E2A8703263278FB00E0EEAF /* panTests.xctest */;
			productType = "com.apple.product-type.bundle.unit-test";
		};
		3E2A870D263278FC00E0EEAF /* panUITests */ = {
			isa = PBXNativeTarget;
			buildConfigurationList = 3E2A871D263278FC00E0EEAF /* Build configuration list for PBXNativeTarget "panUITests" */;
			buildPhases = (
				C165D3B1114E42769E985328 /* [CP] Check Pods Manifest.lock */,
				3E2A870A263278FC00E0EEAF /* Sources */,
				3E2A870B263278FC00E0EEAF /* Frameworks */,
				3E2A870C263278FC00E0EEAF /* Resources */,
				2E2301F77EAFD5C0B4DF2011 /* [CP] Embed Pods Frameworks */,
			);
			buildRules = (
			);
			dependencies = (
				3E2A8710263278FC00E0EEAF /* PBXTargetDependency */,
			);
			name = panUITests;
			productName = panUITests;
			productReference = 3E2A870E263278FC00E0EEAF /* panUITests.xctest */;
			productType = "com.apple.product-type.bundle.ui-testing";
		};
/* End PBXNativeTarget section */

/* Begin PBXProject section */
		3E2A86E5263278F800E0EEAF /* Project object */ = {
			isa = PBXProject;
			attributes = {
				LastSwiftUpdateCheck = 1240;
				LastUpgradeCheck = 1240;
				TargetAttributes = {
					3E2A86EC263278F800E0EEAF = {
						CreatedOnToolsVersion = 12.4;
					};
					3E2A8702263278FB00E0EEAF = {
						CreatedOnToolsVersion = 12.4;
						TestTargetID = 3E2A86EC263278F800E0EEAF;
					};
					3E2A870D263278FC00E0EEAF = {
						CreatedOnToolsVersion = 12.4;
						TestTargetID = 3E2A86EC263278F800E0EEAF;
					};
				};
			};
			buildConfigurationList = 3E2A86E8263278F800E0EEAF /* Build configuration list for PBXProject "pan" */;
			compatibilityVersion = "Xcode 9.3";
			developmentRegion = en;
			hasScannedForEncodings = 0;
			knownRegions = (
				en,
				Base,
			);
			mainGroup = 3E2A86E4263278F800E0EEAF;
			productRefGroup = 3E2A86EE263278F800E0EEAF /* Products */;
			projectDirPath = "";
			projectRoot = "";
			targets = (
				3E2A86EC263278F800E0EEAF /* pan */,
				3E2A8702263278FB00E0EEAF /* panTests */,
				3E2A870D263278FC00E0EEAF /* panUITests */,
			);
		};
/* End PBXProject section */

/* Begin PBXResourcesBuildPhase section */
		3E2A86EB263278F800E0EEAF /* Resources */ = {
			isa = PBXResourcesBuildPhase;
			buildActionMask = 2147483647;
			files = (
				3E2A86FD263278FB00E0EEAF /* LaunchScreen.storyboard in Resources */,
				3E2A86FA263278FB00E0EEAF /* Assets.xcassets in Resources */,
				3E2A86F8263278F800E0EEAF /* Main.storyboard in Resources */,
			);
			runOnlyForDeploymentPostprocessing = 0;
		};
		3E2A8701263278FB00E0EEAF /* Resources */ = {
			isa = PBXResourcesBuildPhase;
			buildActionMask = 2147483647;
			files = (
			);
			runOnlyForDeploymentPostprocessing = 0;
		};
		3E2A870C263278FC00E0EEAF /* Resources */ = {
			isa = PBXResourcesBuildPhase;
			buildActionMask = 2147483647;
			files = (
			);
			runOnlyForDeploymentPostprocessing = 0;
		};
/* End PBXResourcesBuildPhase section */

/* Begin PBXShellScriptBuildPhase section */
		005FC53C89EB0C0F8404361C /* [CP] Embed Pods Frameworks */ = {
			isa = PBXShellScriptBuildPhase;
			buildActionMask = 2147483647;
			files = (
			);
			inputFileListPaths = (
				"${PODS_ROOT}/Target Support Files/Pods-pan/Pods-pan-frameworks-${CONFIGURATION}-input-files.xcfilelist",
			);
			name = "[CP] Embed Pods Frameworks";
			outputFileListPaths = (
				"${PODS_ROOT}/Target Support Files/Pods-pan/Pods-pan-frameworks-${CONFIGURATION}-output-files.xcfilelist",
			);
			runOnlyForDeploymentPostprocessing = 0;
			shellPath = /bin/sh;
			shellScript = "\"${PODS_ROOT}/Target Support Files/Pods-pan/Pods-pan-frameworks.sh\"\n";
			showEnvVarsInLog = 0;
		};
		2E2301F77EAFD5C0B4DF2011 /* [CP] Embed Pods Frameworks */ = {
			isa = PBXShellScriptBuildPhase;
			buildActionMask = 2147483647;
			files = (
			);
			inputFileListPaths = (
				"${PODS_ROOT}/Target Support Files/Pods-pan-panUITests/Pods-pan-panUITests-frameworks-${CONFIGURATION}-input-files.xcfilelist",
			);
			name = "[CP] Embed Pods Frameworks";
			outputFileListPaths = (
				"${PODS_ROOT}/Target Support Files/Pods-pan-panUITests/Pods-pan-panUITests-frameworks-${CONFIGURATION}-output-files.xcfilelist",
			);
			runOnlyForDeploymentPostprocessing = 0;
			shellPath = /bin/sh;
			shellScript = "\"${PODS_ROOT}/Target Support Files/Pods-pan-panUITests/Pods-pan-panUITests-frameworks.sh\"\n";
			showEnvVarsInLog = 0;
		};
		666DD1C678F66405BE46988C /* [CP] Check Pods Manifest.lock */ = {
			isa = PBXShellScriptBuildPhase;
			buildActionMask = 2147483647;
			files = (
			);
			inputFileListPaths = (
			);
			inputPaths = (
				"${PODS_PODFILE_DIR_PATH}/Podfile.lock",
				"${PODS_ROOT}/Manifest.lock",
			);
			name = "[CP] Check Pods Manifest.lock";
			outputFileListPaths = (
			);
			outputPaths = (
				"$(DERIVED_FILE_DIR)/Pods-pan-checkManifestLockResult.txt",
			);
			runOnlyForDeploymentPostprocessing = 0;
			shellPath = /bin/sh;
			shellScript = "diff \"${PODS_PODFILE_DIR_PATH}/Podfile.lock\" \"${PODS_ROOT}/Manifest.lock\" > /dev/null\nif [ $? != 0 ] ; then\n    # print error to STDERR\n    echo \"error: The sandbox is not in sync with the Podfile.lock. Run 'pod install' or update your CocoaPods installation.\" >&2\n    exit 1\nfi\n# This output is used by Xcode 'outputs' to avoid re-running this script phase.\necho \"SUCCESS\" > \"${SCRIPT_OUTPUT_FILE_0}\"\n";
			showEnvVarsInLog = 0;
		};
		C165D3B1114E42769E985328 /* [CP] Check Pods Manifest.lock */ = {
			isa = PBXShellScriptBuildPhase;
			buildActionMask = 2147483647;
			files = (
			);
			inputFileListPaths = (
			);
			inputPaths = (
				"${PODS_PODFILE_DIR_PATH}/Podfile.lock",
				"${PODS_ROOT}/Manifest.lock",
			);
			name = "[CP] Check Pods Manifest.lock";
			outputFileListPaths = (
			);
			outputPaths = (
				"$(DERIVED_FILE_DIR)/Pods-pan-panUITests-checkManifestLockResult.txt",
			);
			runOnlyForDeploymentPostprocessing = 0;
			shellPath = /bin/sh;
			shellScript = "diff \"${PODS_PODFILE_DIR_PATH}/Podfile.lock\" \"${PODS_ROOT}/Manifest.lock\" > /dev/null\nif [ $? != 0 ] ; then\n    # print error to STDERR\n    echo \"error: The sandbox is not in sync with the Podfile.lock. Run 'pod install' or update your CocoaPods installation.\" >&2\n    exit 1\nfi\n# This output is used by Xcode 'outputs' to avoid re-running this script phase.\necho \"SUCCESS\" > \"${SCRIPT_OUTPUT_FILE_0}\"\n";
			showEnvVarsInLog = 0;
		};
		CA46C11928E5496AE79953FB /* [CP] Check Pods Manifest.lock */ = {
			isa = PBXShellScriptBuildPhase;
			buildActionMask = 2147483647;
			files = (
			);
			inputFileListPaths = (
			);
			inputPaths = (
				"${PODS_PODFILE_DIR_PATH}/Podfile.lock",
				"${PODS_ROOT}/Manifest.lock",
			);
			name = "[CP] Check Pods Manifest.lock";
			outputFileListPaths = (
			);
			outputPaths = (
				"$(DERIVED_FILE_DIR)/Pods-panTests-checkManifestLockResult.txt",
			);
			runOnlyForDeploymentPostprocessing = 0;
			shellPath = /bin/sh;
			shellScript = "diff \"${PODS_PODFILE_DIR_PATH}/Podfile.lock\" \"${PODS_ROOT}/Manifest.lock\" > /dev/null\nif [ $? != 0 ] ; then\n    # print error to STDERR\n    echo \"error: The sandbox is not in sync with the Podfile.lock. Run 'pod install' or update your CocoaPods installation.\" >&2\n    exit 1\nfi\n# This output is used by Xcode 'outputs' to avoid re-running this script phase.\necho \"SUCCESS\" > \"${SCRIPT_OUTPUT_FILE_0}\"\n";
			showEnvVarsInLog = 0;
		};
/* End PBXShellScriptBuildPhase section */

/* Begin PBXSourcesBuildPhase section */
		3E2A86E9263278F800E0EEAF /* Sources */ = {
			isa = PBXSourcesBuildPhase;
			buildActionMask = 2147483647;
			files = (
				3E2A87812632838400E0EEAF /* PanViewController.m in Sources */,
				3E2A86F5263278F800E0EEAF /* ViewController.swift in Sources */,
				3E2A86F1263278F800E0EEAF /* AppDelegate.swift in Sources */,
				3E2A87902632869A00E0EEAF /* PanCollectionView.swift in Sources */,
				3E2A86F3263278F800E0EEAF /* SceneDelegate.swift in Sources */,
			);
			runOnlyForDeploymentPostprocessing = 0;
		};
		3E2A86FF263278FB00E0EEAF /* Sources */ = {
			isa = PBXSourcesBuildPhase;
			buildActionMask = 2147483647;
			files = (
				3E2A8708263278FC00E0EEAF /* panTests.swift in Sources */,
			);
			runOnlyForDeploymentPostprocessing = 0;
		};
		3E2A870A263278FC00E0EEAF /* Sources */ = {
			isa = PBXSourcesBuildPhase;
			buildActionMask = 2147483647;
			files = (
				3E2A8713263278FC00E0EEAF /* panUITests.swift in Sources */,
			);
			runOnlyForDeploymentPostprocessing = 0;
		};
/* End PBXSourcesBuildPhase section */

/* Begin PBXTargetDependency section */
		3E2A8705263278FB00E0EEAF /* PBXTargetDependency */ = {
			isa = PBXTargetDependency;
			target = 3E2A86EC263278F800E0EEAF /* pan */;
			targetProxy = 3E2A8704263278FB00E0EEAF /* PBXContainerItemProxy */;
		};
		3E2A8710263278FC00E0EEAF /* PBXTargetDependency */ = {
			isa = PBXTargetDependency;
			target = 3E2A86EC263278F800E0EEAF /* pan */;
			targetProxy = 3E2A870F263278FC00E0EEAF /* PBXContainerItemProxy */;
		};
/* End PBXTargetDependency section */

/* Begin PBXVariantGroup section */
		3E2A86F6263278F800E0EEAF /* Main.storyboard */ = {
			isa = PBXVariantGroup;
			children = (
				3E2A86F7263278F800E0EEAF /* Base */,
			);
			name = Main.storyboard;
			sourceTree = "<group>";
		};
		3E2A86FB263278FB00E0EEAF /* LaunchScreen.storyboard */ = {
			isa = PBXVariantGroup;
			children = (
				3E2A86FC263278FB00E0EEAF /* Base */,
			);
			name = LaunchScreen.storyboard;
			sourceTree = "<group>";
		};
/* End PBXVariantGroup section */

/* Begin XCBuildConfiguration section */
		3E2A8715263278FC00E0EEAF /* Debug */ = {
			isa = XCBuildConfiguration;
			buildSettings = {
				ALWAYS_SEARCH_USER_PATHS = NO;
				CLANG_ANALYZER_NONNULL = YES;
				CLANG_ANALYZER_NUMBER_OBJECT_CONVERSION = YES_AGGRESSIVE;
				CLANG_CXX_LANGUAGE_STANDARD = "gnu++14";
				CLANG_CXX_LIBRARY = "libc++";
				CLANG_ENABLE_MODULES = YES;
				CLANG_ENABLE_OBJC_ARC = YES;
				CLANG_ENABLE_OBJC_WEAK = YES;
				CLANG_WARN_BLOCK_CAPTURE_AUTORELEASING = YES;
				CLANG_WARN_BOOL_CONVERSION = YES;
				CLANG_WARN_COMMA = YES;
				CLANG_WARN_CONSTANT_CONVERSION = YES;
				CLANG_WARN_DEPRECATED_OBJC_IMPLEMENTATIONS = YES;
				CLANG_WARN_DIRECT_OBJC_ISA_USAGE = YES_ERROR;
				CLANG_WARN_DOCUMENTATION_COMMENTS = YES;
				CLANG_WARN_EMPTY_BODY = YES;
				CLANG_WARN_ENUM_CONVERSION = YES;
				CLANG_WARN_INFINITE_RECURSION = YES;
				CLANG_WARN_INT_CONVERSION = YES;
				CLANG_WARN_NON_LITERAL_NULL_CONVERSION = YES;
				CLANG_WARN_OBJC_IMPLICIT_RETAIN_SELF = YES;
				CLANG_WARN_OBJC_LITERAL_CONVERSION = YES;
				CLANG_WARN_OBJC_ROOT_CLASS = YES_ERROR;
				CLANG_WARN_QUOTED_INCLUDE_IN_FRAMEWORK_HEADER = YES;
				CLANG_WARN_RANGE_LOOP_ANALYSIS = YES;
				CLANG_WARN_STRICT_PROTOTYPES = YES;
				CLANG_WARN_SUSPICIOUS_MOVE = YES;
				CLANG_WARN_UNGUARDED_AVAILABILITY = YES_AGGRESSIVE;
				CLANG_WARN_UNREACHABLE_CODE = YES;
				CLANG_WARN__DUPLICATE_METHOD_MATCH = YES;
				COPY_PHASE_STRIP = NO;
				DEBUG_INFORMATION_FORMAT = dwarf;
				ENABLE_STRICT_OBJC_MSGSEND = YES;
				ENABLE_TESTABILITY = YES;
				GCC_C_LANGUAGE_STANDARD = gnu11;
				GCC_DYNAMIC_NO_PIC = NO;
				GCC_NO_COMMON_BLOCKS = YES;
				GCC_OPTIMIZATION_LEVEL = 0;
				GCC_PREPROCESSOR_DEFINITIONS = (
					"DEBUG=1",
					"$(inherited)",
				);
				GCC_WARN_64_TO_32_BIT_CONVERSION = YES;
				GCC_WARN_ABOUT_RETURN_TYPE = YES_ERROR;
				GCC_WARN_UNDECLARED_SELECTOR = YES;
				GCC_WARN_UNINITIALIZED_AUTOS = YES_AGGRESSIVE;
				GCC_WARN_UNUSED_FUNCTION = YES;
				GCC_WARN_UNUSED_VARIABLE = YES;
				IPHONEOS_DEPLOYMENT_TARGET = 14.4;
				MTL_ENABLE_DEBUG_INFO = INCLUDE_SOURCE;
				MTL_FAST_MATH = YES;
				ONLY_ACTIVE_ARCH = YES;
				SDKROOT = iphoneos;
				SWIFT_ACTIVE_COMPILATION_CONDITIONS = DEBUG;
				SWIFT_OPTIMIZATION_LEVEL = "-Onone";
			};
			name = Debug;
		};
		3E2A8716263278FC00E0EEAF /* Release */ = {
			isa = XCBuildConfiguration;
			buildSettings = {
				ALWAYS_SEARCH_USER_PATHS = NO;
				CLANG_ANALYZER_NONNULL = YES;
				CLANG_ANALYZER_NUMBER_OBJECT_CONVERSION = YES_AGGRESSIVE;
				CLANG_CXX_LANGUAGE_STANDARD = "gnu++14";
				CLANG_CXX_LIBRARY = "libc++";
				CLANG_ENABLE_MODULES = YES;
				CLANG_ENABLE_OBJC_ARC = YES;
				CLANG_ENABLE_OBJC_WEAK = YES;
				CLANG_WARN_BLOCK_CAPTURE_AUTORELEASING = YES;
				CLANG_WARN_BOOL_CONVERSION = YES;
				CLANG_WARN_COMMA = YES;
				CLANG_WARN_CONSTANT_CONVERSION = YES;
				CLANG_WARN_DEPRECATED_OBJC_IMPLEMENTATIONS = YES;
				CLANG_WARN_DIRECT_OBJC_ISA_USAGE = YES_ERROR;
				CLANG_WARN_DOCUMENTATION_COMMENTS = YES;
				CLANG_WARN_EMPTY_BODY = YES;
				CLANG_WARN_ENUM_CONVERSION = YES;
				CLANG_WARN_INFINITE_RECURSION = YES;
				CLANG_WARN_INT_CONVERSION = YES;
				CLANG_WARN_NON_LITERAL_NULL_CONVERSION = YES;
				CLANG_WARN_OBJC_IMPLICIT_RETAIN_SELF = YES;
				CLANG_WARN_OBJC_LITERAL_CONVERSION = YES;
				CLANG_WARN_OBJC_ROOT_CLASS = YES_ERROR;
				CLANG_WARN_QUOTED_INCLUDE_IN_FRAMEWORK_HEADER = YES;
				CLANG_WARN_RANGE_LOOP_ANALYSIS = YES;
				CLANG_WARN_STRICT_PROTOTYPES = YES;
				CLANG_WARN_SUSPICIOUS_MOVE = YES;
				CLANG_WARN_UNGUARDED_AVAILABILITY = YES_AGGRESSIVE;
				CLANG_WARN_UNREACHABLE_CODE = YES;
				CLANG_WARN__DUPLICATE_METHOD_MATCH = YES;
				COPY_PHASE_STRIP = NO;
				DEBUG_INFORMATION_FORMAT = "dwarf-with-dsym";
				ENABLE_NS_ASSERTIONS = NO;
				ENABLE_STRICT_OBJC_MSGSEND = YES;
				GCC_C_LANGUAGE_STANDARD = gnu11;
				GCC_NO_COMMON_BLOCKS = YES;
				GCC_WARN_64_TO_32_BIT_CONVERSION = YES;
				GCC_WARN_ABOUT_RETURN_TYPE = YES_ERROR;
				GCC_WARN_UNDECLARED_SELECTOR = YES;
				GCC_WARN_UNINITIALIZED_AUTOS = YES_AGGRESSIVE;
				GCC_WARN_UNUSED_FUNCTION = YES;
				GCC_WARN_UNUSED_VARIABLE = YES;
				IPHONEOS_DEPLOYMENT_TARGET = 14.4;
				MTL_ENABLE_DEBUG_INFO = NO;
				MTL_FAST_MATH = YES;
				SDKROOT = iphoneos;
				SWIFT_COMPILATION_MODE = wholemodule;
				SWIFT_OPTIMIZATION_LEVEL = "-O";
				VALIDATE_PRODUCT = YES;
			};
			name = Release;
		};
		3E2A8718263278FC00E0EEAF /* Debug */ = {
			isa = XCBuildConfiguration;
			baseConfigurationReference = 2F8C989C9A7818086A963831 /* Pods-pan.debug.xcconfig */;
			buildSettings = {
				ASSETCATALOG_COMPILER_APPICON_NAME = AppIcon;
				ASSETCATALOG_COMPILER_GLOBAL_ACCENT_COLOR_NAME = AccentColor;
				CODE_SIGN_STYLE = Automatic;
				DEVELOPMENT_TEAM = 3D38623MVT;
				INFOPLIST_FILE = pan/Info.plist;
				LD_RUNPATH_SEARCH_PATHS = (
					"$(inherited)",
					"@executable_path/Frameworks",
				);
				PRODUCT_BUNDLE_IDENTIFIER = com.lina.caanimationaa.pan;
				PRODUCT_NAME = "$(TARGET_NAME)";
				SWIFT_OBJC_BRIDGING_HEADER = "pan/pan-Bridging-Header.h";
				SWIFT_VERSION = 5.0;
				TARGETED_DEVICE_FAMILY = "1,2";
			};
			name = Debug;
		};
		3E2A8719263278FC00E0EEAF /* Release */ = {
			isa = XCBuildConfiguration;
			baseConfigurationReference = 1E3140EAB1E6BE23958C5143 /* Pods-pan.release.xcconfig */;
			buildSettings = {
				ASSETCATALOG_COMPILER_APPICON_NAME = AppIcon;
				ASSETCATALOG_COMPILER_GLOBAL_ACCENT_COLOR_NAME = AccentColor;
				CODE_SIGN_STYLE = Automatic;
				DEVELOPMENT_TEAM = 3D38623MVT;
				INFOPLIST_FILE = pan/Info.plist;
				LD_RUNPATH_SEARCH_PATHS = (
					"$(inherited)",
					"@executable_path/Frameworks",
				);
				PRODUCT_BUNDLE_IDENTIFIER = com.lina.caanimationaa.pan;
				PRODUCT_NAME = "$(TARGET_NAME)";
				SWIFT_OBJC_BRIDGING_HEADER = "pan/pan-Bridging-Header.h";
				SWIFT_VERSION = 5.0;
				TARGETED_DEVICE_FAMILY = "1,2";
			};
			name = Release;
		};
		3E2A871B263278FC00E0EEAF /* Debug */ = {
			isa = XCBuildConfiguration;
			baseConfigurationReference = C7943D5501BC5950003DC594 /* Pods-panTests.debug.xcconfig */;
			buildSettings = {
				ALWAYS_EMBED_SWIFT_STANDARD_LIBRARIES = YES;
				BUNDLE_LOADER = "$(TEST_HOST)";
				CODE_SIGN_STYLE = Automatic;
				DEVELOPMENT_TEAM = 3D38623MVT;
				INFOPLIST_FILE = panTests/Info.plist;
				IPHONEOS_DEPLOYMENT_TARGET = 14.4;
				LD_RUNPATH_SEARCH_PATHS = (
					"$(inherited)",
					"@executable_path/Frameworks",
					"@loader_path/Frameworks",
				);
				PRODUCT_BUNDLE_IDENTIFIER = com.lina.caanimationaa.panTests;
				PRODUCT_NAME = "$(TARGET_NAME)";
				SWIFT_VERSION = 5.0;
				TARGETED_DEVICE_FAMILY = "1,2";
				TEST_HOST = "$(BUILT_PRODUCTS_DIR)/pan.app/pan";
			};
			name = Debug;
		};
		3E2A871C263278FC00E0EEAF /* Release */ = {
			isa = XCBuildConfiguration;
			baseConfigurationReference = 01FEA264F75FD7AAE94DAD20 /* Pods-panTests.release.xcconfig */;
			buildSettings = {
				ALWAYS_EMBED_SWIFT_STANDARD_LIBRARIES = YES;
				BUNDLE_LOADER = "$(TEST_HOST)";
				CODE_SIGN_STYLE = Automatic;
				DEVELOPMENT_TEAM = 3D38623MVT;
				INFOPLIST_FILE = panTests/Info.plist;
				IPHONEOS_DEPLOYMENT_TARGET = 14.4;
				LD_RUNPATH_SEARCH_PATHS = (
					"$(inherited)",
					"@executable_path/Frameworks",
					"@loader_path/Frameworks",
				);
				PRODUCT_BUNDLE_IDENTIFIER = com.lina.caanimationaa.panTests;
				PRODUCT_NAME = "$(TARGET_NAME)";
				SWIFT_VERSION = 5.0;
				TARGETED_DEVICE_FAMILY = "1,2";
				TEST_HOST = "$(BUILT_PRODUCTS_DIR)/pan.app/pan";
			};
			name = Release;
		};
		3E2A871E263278FC00E0EEAF /* Debug */ = {
			isa = XCBuildConfiguration;
			baseConfigurationReference = 63FF3B300F460EDD5D13E567 /* Pods-pan-panUITests.debug.xcconfig */;
			buildSettings = {
				ALWAYS_EMBED_SWIFT_STANDARD_LIBRARIES = YES;
				CODE_SIGN_STYLE = Automatic;
				DEVELOPMENT_TEAM = 3D38623MVT;
				INFOPLIST_FILE = panUITests/Info.plist;
				LD_RUNPATH_SEARCH_PATHS = (
					"$(inherited)",
					"@executable_path/Frameworks",
					"@loader_path/Frameworks",
				);
				PRODUCT_BUNDLE_IDENTIFIER = com.lina.caanimationaa.panUITests;
				PRODUCT_NAME = "$(TARGET_NAME)";
				SWIFT_VERSION = 5.0;
				TARGETED_DEVICE_FAMILY = "1,2";
				TEST_TARGET_NAME = pan;
			};
			name = Debug;
		};
		3E2A871F263278FC00E0EEAF /* Release */ = {
			isa = XCBuildConfiguration;
			baseConfigurationReference = 6EA3272165BAD6F68315714A /* Pods-pan-panUITests.release.xcconfig */;
			buildSettings = {
				ALWAYS_EMBED_SWIFT_STANDARD_LIBRARIES = YES;
				CODE_SIGN_STYLE = Automatic;
				DEVELOPMENT_TEAM = 3D38623MVT;
				INFOPLIST_FILE = panUITests/Info.plist;
				LD_RUNPATH_SEARCH_PATHS = (
					"$(inherited)",
					"@executable_path/Frameworks",
					"@loader_path/Frameworks",
				);
				PRODUCT_BUNDLE_IDENTIFIER = com.lina.caanimationaa.panUITests;
				PRODUCT_NAME = "$(TARGET_NAME)";
				SWIFT_VERSION = 5.0;
				TARGETED_DEVICE_FAMILY = "1,2";
				TEST_TARGET_NAME = pan;
			};
			name = Release;
		};
/* End XCBuildConfiguration section */

/* Begin XCConfigurationList section */
		3E2A86E8263278F800E0EEAF /* Build configuration list for PBXProject "pan" */ = {
			isa = XCConfigurationList;
			buildConfigurations = (
				3E2A8715263278FC00E0EEAF /* Debug */,
				3E2A8716263278FC00E0EEAF /* Release */,
			);
			defaultConfigurationIsVisible = 0;
			defaultConfigurationName = Release;
		};
		3E2A8717263278FC00E0EEAF /* Build configuration list for PBXNativeTarget "pan" */ = {
			isa = XCConfigurationList;
			buildConfigurations = (
				3E2A8718263278FC00E0EEAF /* Debug */,
				3E2A8719263278FC00E0EEAF /* Release */,
			);
			defaultConfigurationIsVisible = 0;
			defaultConfigurationName = Release;
		};
		3E2A871A263278FC00E0EEAF /* Build configuration list for PBXNativeTarget "panTests" */ = {
			isa = XCConfigurationList;
			buildConfigurations = (
				3E2A871B263278FC00E0EEAF /* Debug */,
				3E2A871C263278FC00E0EEAF /* Release */,
			);
			defaultConfigurationIsVisible = 0;
			defaultConfigurationName = Release;
		};
		3E2A871D263278FC00E0EEAF /* Build configuration list for PBXNativeTarget "panUITests" */ = {
			isa = XCConfigurationList;
			buildConfigurations = (
				3E2A871E263278FC00E0EEAF /* Debug */,
				3E2A871F263278FC00E0EEAF /* Release */,
			);
			defaultConfigurationIsVisible = 0;
			defaultConfigurationName = Release;
		};
/* End XCConfigurationList section */
	};
	rootObject = 3E2A86E5263278F800E0EEAF /* Project object */;
}
